
Microsoft Visual Studio Solution File, Format Version 12.00
Project("{FAE04EC0-301F-11D3-BF4B-00C04F79EFBC}") = "Puzzle Solver", "Puzzle Solver\Puzzle Solver.csproj", "{97CCA170-BB96-49FE-B741-55393C0C7470}"
EndProject
Global
	GlobalSection(SolutionConfigurationPlatforms) = preSolution
		Debug|Any CPU = Debug|Any CPU
		Release|Any CPU = Release|Any CPU
	EndGlobalSection
	GlobalSection(ProjectConfigurationPlatforms) = postSolution
		{97CCA170-BB96-49FE-B741-55393C0C7470}.Debug|Any CPU.ActiveCfg = Debug|Any CPU
		{97CCA170-BB96-49FE-B741-55393C0C7470}.Debug|Any CPU.Build.0 = Debug|Any CPU
		{97CCA170-BB96-49FE-B741-55393C0C7470}.Release|Any CPU.ActiveCfg = Release|Any CPU
		{97CCA170-BB96-49FE-B741-55393C0C7470}.Release|Any CPU.Build.0 = Release|Any CPU
	EndGlobalSection
EndGlobal
